
Microsoft Visual Studio Solution File, Format Version 12.00
# Visual Studio Version 17
VisualStudioVersion = 17.2.32516.85
MinimumVisualStudioVersion = 10.0.40219.1
Project("{9A19103F-16F7-4668-BE54-9A1E7A4F7556}") = "XORFilter.Net", "XORFilter.Net\XORFilter.Net.csproj", "{04EB2A6B-1073-401F-AB13-5836BD60C8CC}"
EndProject
Project("{FAE04EC0-301F-11D3-BF4B-00C04F79EFBC}") = "XORFilter.Net.Tests", "XORFilter.Net.Tests\XORFilter.Net.Tests.csproj", "{CA53E1B9-673E-4DA2-BD3B-10DEC0F1719D}"
EndProject
Global
	GlobalSection(SolutionConfigurationPlatforms) = preSolution
		Debug|Any CPU = Debug|Any CPU
		Release|Any CPU = Release|Any CPU
	EndGlobalSection
	GlobalSection(ProjectConfigurationPlatforms) = postSolution
		{04EB2A6B-1073-401F-AB13-5836BD60C8CC}.Debug|Any CPU.ActiveCfg = Debug|Any CPU
		{04EB2A6B-1073-401F-AB13-5836BD60C8CC}.Debug|Any CPU.Build.0 = Debug|Any CPU
		{04EB2A6B-1073-401F-AB13-5836BD60C8CC}.Release|Any CPU.ActiveCfg = Release|Any CPU
		{04EB2A6B-1073-401F-AB13-5836BD60C8CC}.Release|Any CPU.Build.0 = Release|Any CPU
		{CA53E1B9-673E-4DA2-BD3B-10DEC0F1719D}.Debug|Any CPU.ActiveCfg = Debug|Any CPU
		{CA53E1B9-673E-4DA2-BD3B-10DEC0F1719D}.Debug|Any CPU.Build.0 = Debug|Any CPU
		{CA53E1B9-673E-4DA2-BD3B-10DEC0F1719D}.Release|Any CPU.ActiveCfg = Release|Any CPU
		{CA53E1B9-673E-4DA2-BD3B-10DEC0F1719D}.Release|Any CPU.Build.0 = Release|Any CPU
	EndGlobalSection
	GlobalSection(SolutionProperties) = preSolution
		HideSolutionNode = FALSE
	EndGlobalSection
	GlobalSection(ExtensibilityGlobals) = postSolution
		SolutionGuid = {2733434C-60A9-417A-9F17-AAA1A58D19A7}
	EndGlobalSection
EndGlobal
